{
  "object": {
    "pins": [
      {
        "package": "CoreModule",
        "repositoryURL": "https://github.com/ArdOnat/CoreModule.git",
        "state": {
          "branch": null,
          "revision": "a3225335006c157ed007205a56a7e722c4961650",
          "version": "1.1.2"
        }
      }
    ]
  },
  "version": 1
}
